Microsoft Visual Studio Solution File, Format Version 12.00
# Visual Studio Version 17
VisualStudioVersion = 17.5.2.0
MinimumVisualStudioVersion = 10.0.40219.1
Project("{FAE04EC0-301F-11D3-BF4B-00C04F79EFBC}") = "Proy_back_QBD", "Proy_back_QBD.csproj", "{879980FB-9270-2315-167F-C85EDEBB290C}"
EndProject
Global
	GlobalSection(SolutionConfigurationPlatforms) = preSolution
		Debug|Any CPU = Debug|Any CPU
		Release|Any CPU = Release|Any CPU
	EndGlobalSection
	GlobalSection(ProjectConfigurationPlatforms) = postSolution
		{879980FB-9270-2315-167F-C85EDEBB290C}.Debug|Any CPU.ActiveCfg = Debug|Any CPU
		{879980FB-9270-2315-167F-C85EDEBB290C}.Debug|Any CPU.Build.0 = Debug|Any CPU
		{879980FB-9270-2315-167F-C85EDEBB290C}.Release|Any CPU.ActiveCfg = Release|Any CPU
		{879980FB-9270-2315-167F-C85EDEBB290C}.Release|Any CPU.Build.0 = Release|Any CPU
	EndGlobalSection
	GlobalSection(SolutionProperties) = preSolution
		HideSolutionNode = FALSE
	EndGlobalSection
	GlobalSection(ExtensibilityGlobals) = postSolution
		SolutionGuid = {FA40056F-496B-4027-84AC-B8B80BF8C47A}
	EndGlobalSection
EndGlobal
